{
  "name": "assets",
  "lockfileVersion": 2,
  "requires": true,
  "packages": {
    "": {
      "dependencies": {
        "topbar": "^2.0.1"
      }
    },
    "node_modules/topbar": {
      "version": "2.0.1",
      "resolved": "https://registry.npmjs.org/topbar/-/topbar-2.0.1.tgz",
      "integrity": "sha512-4KvcxrJuGS3wkx8QacT7dfnkwyPJOuDzGUvHO/GDZqgoEEEFKTnZqCC6PYcvuZ0OfMNdyyKeAzVB2MPk0BIe8A=="
    }
  },
  "dependencies": {
    "topbar": {
      "version": "2.0.1",
      "resolved": "https://registry.npmjs.org/topbar/-/topbar-2.0.1.tgz",
      "integrity": "sha512-4KvcxrJuGS3wkx8QacT7dfnkwyPJOuDzGUvHO/GDZqgoEEEFKTnZqCC6PYcvuZ0OfMNdyyKeAzVB2MPk0BIe8A=="
    }
  }
}
